github.com/Knetic/govaluate v3.0.1-0.20171022003610-9aa49832a739+incompatible h1:1G1pk05UrOh0NlF1oeaaix1x8XzrfjIDK47TY0Zehcw=
github.com/Knetic/govaluate v3.0.1-0.20171022003610-9aa49832a739+incompatible/go.mod h1:r7JcOSlj0wfOMncg0iLm8Leh48TZaKVeNIfJntJ2wa0=
github.com/billcobbler/casbin-redis-watcher v0.0.0-20190706023639-52f9bd47d420 h1:3MQd8B5k+H76/Owx705ZdYsVzR6Q7qm/Tip0j8+73sE=
github.com/billcobbler/casbin-redis-watcher v0.0.0-20190706023639-52f9bd47d420/go.mod h1:7gAaWqZ3MW7v5114HJaUNsNxaVCV6LHknrrwQtnjGX4=
github.com/casbin/casbin v1.9.1 h1:ucjbS5zTrmSLtH4XogqOG920Poe6QatdXtz1FEbApeM=
github.com/casbin/casbin v1.9.1/go.mod h1:z8uPsfBJGUsnkagrt3G8QvjgTKFMBJ32UP8HpZllfog=
github.com/casbin/casbin/v3 v3.0.0-beta.6 h1:iUzLPMdydYF5qQN2DyfzEogaelbcWJCVWdqj2f2Fm8c=
github.com/casbin/casbin/v3 v3.0.0-beta.6/go.mod h1:69HoI+h4yMUTydUMxT7VQh7FgGpoJsB/ZskkVGcvasQ=
github.com/garyburd/redigo v1.6.2 h1:yE/pwKCrbLpLpQICzYTeZ7JsTA/C53wFTJHaEtRqniM=
github.com/garyburd/redigo v1.6.2/go.mod h1:NR3MbYisc3/PwhQ00EMzDiPmrwpPxAn5GI05/YaO1SY=
github.com/gomodule/redigo v2.0.0+incompatible h1:K/R+8tc58AaqLkqG2Ol3Qk+DR/TlNuhuh457pBFPtt0=
github.com/gomodule/redigo v2.0.0+incompatible/go.mod h1:B4C85qUVwatsJoIUNIfCRsp7qO0iAmpGFZ4EELWSbC4=
github.com/rafaeljusto/redigomock v2.4.0+incompatible h1:d7uo5MVINMxnRr20MxbgDkmZ8QRfevjOVgEa4n0OZyY=
github.com/rafaeljusto/redigomock v2.4.0+incompatible/go.mod h1:JaY6n2sDr+z2WTsXkOmNRUfDy6FN0L6Nk7x06ndm4tY=
